
Microsoft Visual Studio Solution File, Format Version 12.00
# Visual Studio 15
VisualStudioVersion = 15.0.27703.2026
MinimumVisualStudioVersion = 10.0.40219.1
Project("{FAE04EC0-301F-11D3-BF4B-00C04F79EFBC}") = "BookingEngineV1", "BookingEngineV1\BookingEngineV1.csproj", "{2BE81826-9782-4B92-B481-E4B77D607517}"
EndProject
Global
	GlobalSection(SolutionConfigurationPlatforms) = preSolution
		Debug|Any CPU = Debug|Any CPU
		Release|Any CPU = Release|Any CPU
	EndGlobalSection
	GlobalSection(ProjectConfigurationPlatforms) = postSolution
		{2BE81826-9782-4B92-B481-E4B77D607517}.Debug|Any CPU.ActiveCfg = Debug|Any CPU
		{2BE81826-9782-4B92-B481-E4B77D607517}.Debug|Any CPU.Build.0 = Debug|Any CPU
		{2BE81826-9782-4B92-B481-E4B77D607517}.Release|Any CPU.ActiveCfg = Release|Any CPU
		{2BE81826-9782-4B92-B481-E4B77D607517}.Release|Any CPU.Build.0 = Release|Any CPU
	EndGlobalSection
	GlobalSection(SolutionProperties) = preSolution
		HideSolutionNode = FALSE
	EndGlobalSection
	GlobalSection(ExtensibilityGlobals) = postSolution
		SolutionGuid = {50A7724C-3015-460E-8B35-5822AADE4C1E}
	EndGlobalSection
EndGlobal
